{
  "name": "manager",
  "version": "1.0.0",
  "lockfileVersion": 1,
  "requires": true,
  "dependencies": {
    "mysqljs": {
      "version": "0.0.2-security",
      "resolved": "https://registry.npmjs.org/mysqljs/-/mysqljs-0.0.2-security.tgz",
      "integrity": "sha512-VNlG53AWQflxLBOqyGEDia9yq5jtj8SX48WW6wu9AXhQArSdJ5pUHiWg6Q1FXtI0dHgz7Miempt+n2Wt4XYFbA=="
    }
  }
}
